
Microsoft Visual Studio Solution File, Format Version 12.00
# Visual Studio 14
VisualStudioVersion = 14.0.25420.1
MinimumVisualStudioVersion = 10.0.40219.1
Project("{FAE04EC0-301F-11D3-BF4B-00C04F79EFBC}") = "SaraiBooking", "DSGMCSaraiBooking\SaraiBooking.csproj", "{FA938CC0-7232-42CF-9320-E065B69DFB36}"
EndProject
Project("{2150E333-8FDC-42A3-9474-1A3956D46DE8}") = "01.PresentationLayer", "01.PresentationLayer", "{8C29D03A-A349-4F03-98BB-B58954F30CD4}"
EndProject
Project("{2150E333-8FDC-42A3-9474-1A3956D46DE8}") = "02.BusinessObjects", "02.BusinessObjects", "{B6EAD9BC-C3F3-469C-A50C-5F42A4627561}"
EndProject
Project("{2150E333-8FDC-42A3-9474-1A3956D46DE8}") = "03.Facade", "03.Facade", "{3E8F14B9-A1EB-4BDC-BB03-ACD7A2FFF832}"
EndProject
Project("{2150E333-8FDC-42A3-9474-1A3956D46DE8}") = "04.DataLayer", "04.DataLayer", "{16CEF897-FB2F-4C1A-973A-19B2B5E1B7B2}"
EndProject
Project("{2150E333-8FDC-42A3-9474-1A3956D46DE8}") = "05.FrameWork", "05.FrameWork", "{0FB82D06-9A00-4815-B364-C7F3CE5DCE36}"
EndProject
Project("{FAE04EC0-301F-11D3-BF4B-00C04F79EFBC}") = "FrameWork.Core", "FRAME_WORK\FrameWork.Core\FrameWork.Core.csproj", "{CFFD7E10-0313-43F9-B1B7-78E3AF818BDB}"
EndProject
Project("{FAE04EC0-301F-11D3-BF4B-00C04F79EFBC}") = "FrameWork.DataBase", "FRAME_WORK\FrameWork.DataBase\FrameWork.DataBase.csproj", "{D6F5722E-8F97-4C9E-814D-03B5553FA784}"
EndProject
Project("{FAE04EC0-301F-11D3-BF4B-00C04F79EFBC}") = "BusinessObjects.Common", "MIDDLE_LAYER\BusinessObjects\BusinessObjects.Common\BusinessObjects.Common.csproj", "{CD5B2E5C-8BE5-4759-9C51-EB7CF4EDF948}"
EndProject
Project("{FAE04EC0-301F-11D3-BF4B-00C04F79EFBC}") = "BusinessObjects.Online", "MIDDLE_LAYER\BusinessObjects\BusinessObjects.Online\BusinessObjects.Online.csproj", "{CF09D678-33D9-4E16-97B4-5E2E2EC02CA1}"
EndProject
Project("{FAE04EC0-301F-11D3-BF4B-00C04F79EFBC}") = "Facade.Common", "MIDDLE_LAYER\Facade\Facade.Common\Facade.Common.csproj", "{C7772AB5-BBD9-4B16-8360-DB3038D886E3}"
EndProject
Project("{FAE04EC0-301F-11D3-BF4B-00C04F79EFBC}") = "Facade.Online", "MIDDLE_LAYER\Facade\Facade.Online\Facade.Online.csproj", "{CE7733E6-A991-46A1-BF35-5FF8C0A6E653}"
EndProject
Project("{FAE04EC0-301F-11D3-BF4B-00C04F79EFBC}") = "DataLayer.Common", "DATA_LAYER\DataLayer.Common\DataLayer.Common.csproj", "{5D62647F-7C15-46B6-926F-D9574C4787CF}"
EndProject
Project("{FAE04EC0-301F-11D3-BF4B-00C04F79EFBC}") = "DataLayer.Online", "DATA_LAYER\DataLayer.Online\DataLayer.Online.csproj", "{89FA5D68-E7FC-4211-A687-BC223518C791}"
EndProject
Global
	GlobalSection(SolutionConfigurationPlatforms) = preSolution
		Debug|Any CPU = Debug|Any CPU
		Release|Any CPU = Release|Any CPU
	EndGlobalSection
	GlobalSection(ProjectConfigurationPlatforms) = postSolution
		{FA938CC0-7232-42CF-9320-E065B69DFB36}.Debug|Any CPU.ActiveCfg = Debug|Any CPU
		{FA938CC0-7232-42CF-9320-E065B69DFB36}.Debug|Any CPU.Build.0 = Debug|Any CPU
		{FA938CC0-7232-42CF-9320-E065B69DFB36}.Release|Any CPU.ActiveCfg = Release|Any CPU
		{FA938CC0-7232-42CF-9320-E065B69DFB36}.Release|Any CPU.Build.0 = Release|Any CPU
		{CFFD7E10-0313-43F9-B1B7-78E3AF818BDB}.Debug|Any CPU.ActiveCfg = Debug|Any CPU
		{CFFD7E10-0313-43F9-B1B7-78E3AF818BDB}.Debug|Any CPU.Build.0 = Debug|Any CPU
		{CFFD7E10-0313-43F9-B1B7-78E3AF818BDB}.Release|Any CPU.ActiveCfg = Release|Any CPU
		{CFFD7E10-0313-43F9-B1B7-78E3AF818BDB}.Release|Any CPU.Build.0 = Release|Any CPU
		{D6F5722E-8F97-4C9E-814D-03B5553FA784}.Debug|Any CPU.ActiveCfg = Debug|Any CPU
		{D6F5722E-8F97-4C9E-814D-03B5553FA784}.Debug|Any CPU.Build.0 = Debug|Any CPU
		{D6F5722E-8F97-4C9E-814D-03B5553FA784}.Release|Any CPU.ActiveCfg = Release|Any CPU
		{D6F5722E-8F97-4C9E-814D-03B5553FA784}.Release|Any CPU.Build.0 = Release|Any CPU
		{CD5B2E5C-8BE5-4759-9C51-EB7CF4EDF948}.Debug|Any CPU.ActiveCfg = Debug|Any CPU
		{CD5B2E5C-8BE5-4759-9C51-EB7CF4EDF948}.Debug|Any CPU.Build.0 = Debug|Any CPU
		{CD5B2E5C-8BE5-4759-9C51-EB7CF4EDF948}.Release|Any CPU.ActiveCfg = Release|Any CPU
		{CD5B2E5C-8BE5-4759-9C51-EB7CF4EDF948}.Release|Any CPU.Build.0 = Release|Any CPU
		{CF09D678-33D9-4E16-97B4-5E2E2EC02CA1}.Debug|Any CPU.ActiveCfg = Debug|Any CPU
		{CF09D678-33D9-4E16-97B4-5E2E2EC02CA1}.Debug|Any CPU.Build.0 = Debug|Any CPU
		{CF09D678-33D9-4E16-97B4-5E2E2EC02CA1}.Release|Any CPU.ActiveCfg = Release|Any CPU
		{CF09D678-33D9-4E16-97B4-5E2E2EC02CA1}.Release|Any CPU.Build.0 = Release|Any CPU
		{C7772AB5-BBD9-4B16-8360-DB3038D886E3}.Debug|Any CPU.ActiveCfg = Debug|Any CPU
		{C7772AB5-BBD9-4B16-8360-DB3038D886E3}.Debug|Any CPU.Build.0 = Debug|Any CPU
		{C7772AB5-BBD9-4B16-8360-DB3038D886E3}.Release|Any CPU.ActiveCfg = Release|Any CPU
		{C7772AB5-BBD9-4B16-8360-DB3038D886E3}.Release|Any CPU.Build.0 = Release|Any CPU
		{CE7733E6-A991-46A1-BF35-5FF8C0A6E653}.Debug|Any CPU.ActiveCfg = Debug|Any CPU
		{CE7733E6-A991-46A1-BF35-5FF8C0A6E653}.Debug|Any CPU.Build.0 = Debug|Any CPU
		{CE7733E6-A991-46A1-BF35-5FF8C0A6E653}.Release|Any CPU.ActiveCfg = Release|Any CPU
		{CE7733E6-A991-46A1-BF35-5FF8C0A6E653}.Release|Any CPU.Build.0 = Release|Any CPU
		{5D62647F-7C15-46B6-926F-D9574C4787CF}.Debug|Any CPU.ActiveCfg = Debug|Any CPU
		{5D62647F-7C15-46B6-926F-D9574C4787CF}.Debug|Any CPU.Build.0 = Debug|Any CPU
		{5D62647F-7C15-46B6-926F-D9574C4787CF}.Release|Any CPU.ActiveCfg = Release|Any CPU
		{5D62647F-7C15-46B6-926F-D9574C4787CF}.Release|Any CPU.Build.0 = Release|Any CPU
		{89FA5D68-E7FC-4211-A687-BC223518C791}.Debug|Any CPU.ActiveCfg = Debug|Any CPU
		{89FA5D68-E7FC-4211-A687-BC223518C791}.Debug|Any CPU.Build.0 = Debug|Any CPU
		{89FA5D68-E7FC-4211-A687-BC223518C791}.Release|Any CPU.ActiveCfg = Release|Any CPU
		{89FA5D68-E7FC-4211-A687-BC223518C791}.Release|Any CPU.Build.0 = Release|Any CPU
	EndGlobalSection
	GlobalSection(SolutionProperties) = preSolution
		HideSolutionNode = FALSE
	EndGlobalSection
	GlobalSection(NestedProjects) = preSolution
		{FA938CC0-7232-42CF-9320-E065B69DFB36} = {8C29D03A-A349-4F03-98BB-B58954F30CD4}
		{CFFD7E10-0313-43F9-B1B7-78E3AF818BDB} = {0FB82D06-9A00-4815-B364-C7F3CE5DCE36}
		{D6F5722E-8F97-4C9E-814D-03B5553FA784} = {0FB82D06-9A00-4815-B364-C7F3CE5DCE36}
		{CD5B2E5C-8BE5-4759-9C51-EB7CF4EDF948} = {B6EAD9BC-C3F3-469C-A50C-5F42A4627561}
		{CF09D678-33D9-4E16-97B4-5E2E2EC02CA1} = {B6EAD9BC-C3F3-469C-A50C-5F42A4627561}
		{C7772AB5-BBD9-4B16-8360-DB3038D886E3} = {3E8F14B9-A1EB-4BDC-BB03-ACD7A2FFF832}
		{CE7733E6-A991-46A1-BF35-5FF8C0A6E653} = {3E8F14B9-A1EB-4BDC-BB03-ACD7A2FFF832}
		{5D62647F-7C15-46B6-926F-D9574C4787CF} = {16CEF897-FB2F-4C1A-973A-19B2B5E1B7B2}
		{89FA5D68-E7FC-4211-A687-BC223518C791} = {16CEF897-FB2F-4C1A-973A-19B2B5E1B7B2}
	EndGlobalSection
EndGlobal
